
Microsoft Visual Studio Solution File, Format Version 12.00
# Visual Studio Version 16
VisualStudioVersion = 16.0.32901.82
MinimumVisualStudioVersion = 10.0.40219.1
Project("{FAE04EC0-301F-11D3-BF4B-00C04F79EFBC}") = "Game_of_Life", "Game_of_Life\Game_of_Life.csproj", "{94A7627B-2C4C-4751-8FA3-193C1F730654}"
EndProject
Global
	GlobalSection(SolutionConfigurationPlatforms) = preSolution
		Debug|Any CPU = Debug|Any CPU
		Release|Any CPU = Release|Any CPU
	EndGlobalSection
	GlobalSection(ProjectConfigurationPlatforms) = postSolution
		{94A7627B-2C4C-4751-8FA3-193C1F730654}.Debug|Any CPU.ActiveCfg = Debug|Any CPU
		{94A7627B-2C4C-4751-8FA3-193C1F730654}.Debug|Any CPU.Build.0 = Debug|Any CPU
		{94A7627B-2C4C-4751-8FA3-193C1F730654}.Release|Any CPU.ActiveCfg = Release|Any CPU
		{94A7627B-2C4C-4751-8FA3-193C1F730654}.Release|Any CPU.Build.0 = Release|Any CPU
	EndGlobalSection
	GlobalSection(SolutionProperties) = preSolution
		HideSolutionNode = FALSE
	EndGlobalSection
	GlobalSection(ExtensibilityGlobals) = postSolution
		SolutionGuid = {77915532-7D05-4C82-B1F6-040FB280CE60}
	EndGlobalSection
EndGlobal
